<?xml version="1.0" encoding="UTF-8"?>
<CONFIG>
  <ProjectOptions>
    <Version Value="12"/>
    <PathDelim Value="\"/>
    <General>
      <SessionStorage Value="InProjectDir"/>
      <Title Value="DB-Data"/>
      <Scaled Value="True"/>
      <ResourceType Value="res"/>
      <UseXPManifest Value="True"/>
      <XPManifest>
        <DpiAware Value="True"/>
        <TextName Value="RODRIGOCE.DBDATA"/>
        <TextDesc Value="DB Explorer"/>
      </XPManifest>
      <Icon Value="0"/>
    </General>
    <VersionInfo>
      <UseVersionInfo Value="True"/>
      <AutoIncrementBuild Value="True"/>
      <MajorVersionNr Value="2"/>
      <BuildNr Value="2"/>
    </VersionInfo>
    <BuildModes>
      <Item Name="Default" Default="True"/>
    </BuildModes>
    <PublishOptions>
      <Version Value="2"/>
      <UseFileFilters Value="True"/>
    </PublishOptions>
    <RunParams>
      <FormatVersion Value="2"/>
    </RunParams>
    <RequiredPackages>
      <Item>
        <PackageName Value="FCL"/>
      </Item>
      <Item>
        <PackageName Value="SynEditDsgn"/>
      </Item>
      <Item>
        <PackageName Value="SynEdit"/>
      </Item>
      <Item>
        <PackageName Value="LCL"/>
      </Item>
    </RequiredPackages>
    <Units>
      <Unit>
        <Filename Value="DBData.lpr"/>
        <IsPartOfProject Value="True"/>
      </Unit>
      <Unit>
        <Filename Value="uFuncoes.pas"/>
        <IsPartOfProject Value="True"/>
      </Unit>
      <Unit>
        <Filename Value="uappfile.pas"/>
        <IsPartOfProject Value="True"/>
        <UnitName Value="uAppFile"/>
      </Unit>
      <Unit>
        <Filename Value="uConfigConexao.pas"/>
        <IsPartOfProject Value="True"/>
        <ComponentName Value="FormConfigConexao"/>
        <ResourceBaseClass Value="Form"/>
      </Unit>
      <Unit>
        <Filename Value="uConnection.pas"/>
        <IsPartOfProject Value="True"/>
      </Unit>
      <Unit>
        <Filename Value="uEntityRelationshipArrowShape.pas"/>
        <IsPartOfProject Value="True"/>
      </Unit>
      <Unit>
        <Filename Value="uERNotationsCore.pas"/>
        <IsPartOfProject Value="True"/>
      </Unit>
      <Unit>
        <Filename Value="uExibeTexto.pas"/>
        <IsPartOfProject Value="True"/>
        <ComponentName Value="FormExibeTexto"/>
        <HasResources Value="True"/>
        <ResourceBaseClass Value="Form"/>
      </Unit>
      <Unit>
        <Filename Value="ufeatureshandler.pas"/>
        <IsPartOfProject Value="True"/>
        <UnitName Value="uFeaturesHandler"/>
      </Unit>
      <Unit>
        <Filename Value="uframequeryeditor.pas"/>
        <IsPartOfProject Value="True"/>
        <ComponentName Value="FrameQueryEditor"/>
        <HasResources Value="True"/>
        <ResourceBaseClass Value="Frame"/>
        <UnitName Value="uFrameQueryEditor"/>
      </Unit>
      <Unit>
        <Filename Value="uLog.pas"/>
        <IsPartOfProject Value="True"/>
      </Unit>
      <Unit>
        <Filename Value="uMoverObjetos.pas"/>
        <IsPartOfProject Value="True"/>
        <ComponentName Value="FormMoverObjetos"/>
        <ResourceBaseClass Value="Form"/>
      </Unit>
      <Unit>
        <Filename Value="uObterMetaDados.pas"/>
        <IsPartOfProject Value="True"/>
      </Unit>
      <Unit>
        <Filename Value="uPesquisarDiagramas.pas"/>
        <IsPartOfProject Value="True"/>
        <ComponentName Value="FormPesquisarDiagramas"/>
        <HasResources Value="True"/>
        <ResourceBaseClass Value="Form"/>
      </Unit>
      <Unit>
        <Filename Value="uPesquisarTabelas.pas"/>
        <IsPartOfProject Value="True"/>
        <ComponentName Value="FormPesquisarTabelas"/>
        <HasResources Value="True"/>
        <ResourceBaseClass Value="Form"/>
      </Unit>
      <Unit>
        <Filename Value="uPrincipal.pas"/>
        <IsPartOfProject Value="True"/>
        <ComponentName Value="FormPrincipal"/>
        <HasResources Value="True"/>
        <ResourceBaseClass Value="Form"/>
      </Unit>
      <Unit>
        <Filename Value="usearchrelatedtable.pas"/>
        <IsPartOfProject Value="True"/>
        <ComponentName Value="FormSearchRelatedTable"/>
        <HasResources Value="True"/>
        <ResourceBaseClass Value="Form"/>
        <UnitName Value="uSearchRelatedTable"/>
      </Unit>
      <Unit>
        <Filename Value="uSobre.pas"/>
        <IsPartOfProject Value="True"/>
        <ComponentName Value="FormSobre"/>
        <ResourceBaseClass Value="Form"/>
      </Unit>
      <Unit>
        <Filename Value="uVariaveisGlobais.pas"/>
        <IsPartOfProject Value="True"/>
      </Unit>
      <Unit>
        <Filename Value="uVisualizarTriggers.pas"/>
        <IsPartOfProject Value="True"/>
        <ComponentName Value="FormVisualizarTriggers"/>
        <HasResources Value="True"/>
        <ResourceBaseClass Value="Form"/>
      </Unit>
      <Unit>
        <Filename Value="uincludetables.pas"/>
        <IsPartOfProject Value="True"/>
        <ComponentName Value="FormIncludedTables"/>
        <HasResources Value="True"/>
        <ResourceBaseClass Value="Form"/>
        <UnitName Value="uIncludeTables"/>
      </Unit>
    </Units>
  </ProjectOptions>
  <CompilerOptions>
    <Version Value="11"/>
    <PathDelim Value="\"/>
    <Target>
      <Filename Value="DBData"/>
    </Target>
    <SearchPaths>
      <IncludeFiles Value="$(ProjOutDir)"/>
      <UnitOutputDirectory Value="lib\$(TargetCPU)-$(TargetOS)"/>
    </SearchPaths>
    <Linking>
      <Debugging>
        <DebugInfoType Value="dsDwarf3"/>
      </Debugging>
      <Options>
        <Win32>
          <GraphicApplication Value="True"/>
        </Win32>
      </Options>
    </Linking>
  </CompilerOptions>
  <Debugging>
    <Exceptions>
      <Item>
        <Name Value="EAbort"/>
      </Item>
      <Item>
        <Name Value="ECodetoolError"/>
      </Item>
      <Item>
        <Name Value="EFOpenError"/>
      </Item>
    </Exceptions>
  </Debugging>
</CONFIG>
