<?xml version="1.0" encoding="UTF-8"?>
<CONFIG>
  <ProjectOptions>
    <Version Value="12"/>
    <PathDelim Value="\"/>
    <General>
      <SessionStorage Value="InProjectDir"/>
      <Title Value="DBData"/>
      <UseAppBundle Value="False"/>
      <ResourceType Value="res"/>
      <Icon Value="0"/>
    </General>
    <VersionInfo>
      <UseVersionInfo Value="True"/>
      <MajorVersionNr Value="2"/>
    </VersionInfo>
    <BuildModes>
      <Item Name="Default" Default="True"/>
    </BuildModes>
    <PublishOptions>
      <Version Value="2"/>
      <UseFileFilters Value="True"/>
    </PublishOptions>
    <RunParams>
      <FormatVersion Value="2"/>
    </RunParams>
    <RequiredPackages>
      <Item>
        <PackageName Value="TurboPowerIPro"/>
      </Item>
      <Item>
        <PackageName Value="pascalscript"/>
      </Item>
      <Item>
        <PackageName Value="SynEditDsgn"/>
      </Item>
      <Item>
        <PackageName Value="SynEdit"/>
      </Item>
      <Item>
        <PackageName Value="FCL"/>
      </Item>
      <Item>
        <PackageName Value="SQLDBLaz"/>
      </Item>
      <Item>
        <PackageName Value="LCL"/>
      </Item>
    </RequiredPackages>
    <Units>
      <Unit>
        <Filename Value="DBData.lpr"/>
        <IsPartOfProject Value="True"/>
      </Unit>
      <Unit>
        <Filename Value="uPrincipal.pas"/>
        <IsPartOfProject Value="True"/>
        <ComponentName Value="FormPrincipal"/>
        <HasResources Value="True"/>
        <ResourceBaseClass Value="Form"/>
      </Unit>
      <Unit>
        <Filename Value="Unit2.pas"/>
        <IsPartOfProject Value="True"/>
        <ComponentName Value="Form2"/>
        <HasResources Value="True"/>
        <ResourceBaseClass Value="Form"/>
      </Unit>
      <Unit>
        <Filename Value="uConnection.pas"/>
        <IsPartOfProject Value="True"/>
      </Unit>
      <Unit>
        <Filename Value="uObterMetaDados.pas"/>
        <IsPartOfProject Value="True"/>
      </Unit>
      <Unit>
        <Filename Value="uPesquisarRelacionamentos.pas"/>
        <IsPartOfProject Value="True"/>
        <ComponentName Value="FormPesquisarRelacionamentos"/>
        <HasResources Value="True"/>
        <ResourceBaseClass Value="Form"/>
      </Unit>
      <Unit>
        <Filename Value="uLog.pas"/>
        <IsPartOfProject Value="True"/>
      </Unit>
      <Unit>
        <Filename Value="uVariaveisGlobais.pas"/>
        <IsPartOfProject Value="True"/>
      </Unit>
      <Unit>
        <Filename Value="uFuncoes.pas"/>
        <IsPartOfProject Value="True"/>
      </Unit>
      <Unit>
        <Filename Value="uappfile.pas"/>
        <IsPartOfProject Value="True"/>
        <UnitName Value="uAppFile"/>
      </Unit>
      <Unit>
        <Filename Value="ufeatureshandler.pas"/>
        <IsPartOfProject Value="True"/>
        <UnitName Value="uFeaturesHandler"/>
      </Unit>
      <Unit>
        <Filename Value="uPesquisarDiagramas.pas"/>
        <IsPartOfProject Value="True"/>
        <ComponentName Value="FormPesquisarDiagramas"/>
        <HasResources Value="True"/>
        <ResourceBaseClass Value="Form"/>
      </Unit>
      <Unit>
        <Filename Value="uSobre.pas"/>
        <IsPartOfProject Value="True"/>
        <ComponentName Value="FormSobre"/>
        <HasResources Value="True"/>
        <ResourceBaseClass Value="Form"/>
      </Unit>
      <Unit>
        <Filename Value="uConfigConexao.pas"/>
        <IsPartOfProject Value="True"/>
        <ComponentName Value="FormConfigConexao"/>
        <HasResources Value="True"/>
        <ResourceBaseClass Value="Form"/>
      </Unit>
      <Unit>
        <Filename Value="uPesquisarTabelas.pas"/>
        <IsPartOfProject Value="True"/>
        <ComponentName Value="FormPesquisarTabelas"/>
        <HasResources Value="True"/>
        <ResourceBaseClass Value="Form"/>
      </Unit>
      <Unit>
        <Filename Value="uExibeTexto.pas"/>
        <IsPartOfProject Value="True"/>
        <ComponentName Value="FormExibeTexto"/>
        <HasResources Value="True"/>
        <ResourceBaseClass Value="Form"/>
      </Unit>
      <Unit>
        <Filename Value="uVisualizarTriggers.pas"/>
        <IsPartOfProject Value="True"/>
        <ComponentName Value="FormVisualizarTriggers"/>
        <HasResources Value="True"/>
        <ResourceBaseClass Value="Form"/>
      </Unit>
      <Unit>
        <Filename Value="uEntityRelationshipArrowShape.pas"/>
        <IsPartOfProject Value="True"/>
      </Unit>
      <Unit>
        <Filename Value="uERNotationsCore.pas"/>
        <IsPartOfProject Value="True"/>
      </Unit>
      <Unit>
        <Filename Value="uMoverObjetos.pas"/>
        <IsPartOfProject Value="True"/>
        <ComponentName Value="FormMoverObjetos"/>
        <HasResources Value="True"/>
        <ResourceBaseClass Value="Form"/>
      </Unit>
      <Unit>
        <Filename Value="uFrameConsultaDados.pas"/>
        <IsPartOfProject Value="True"/>
        <ComponentName Value="FrameConsultaDados"/>
        <HasResources Value="True"/>
        <ResourceBaseClass Value="Frame"/>
      </Unit>
    </Units>
  </ProjectOptions>
  <CompilerOptions>
    <Version Value="11"/>
    <PathDelim Value="\"/>
    <SearchPaths>
      <IncludeFiles Value="$(ProjOutDir)"/>
      <UnitOutputDirectory Value="lib\$(TargetCPU)-$(TargetOS)"/>
    </SearchPaths>
    <Parsing>
      <SyntaxOptions>
        <SyntaxMode Value="Delphi"/>
      </SyntaxOptions>
    </Parsing>
    <Linking>
      <Debugging>
        <DebugInfoType Value="dsDwarf3"/>
      </Debugging>
      <Options>
        <Win32>
          <GraphicApplication Value="True"/>
        </Win32>
      </Options>
    </Linking>
    <Other>
      <CustomOptions Value="-dBorland -dVer150 -dDelphi7 -dCompiler6_Up -dPUREPASCAL"/>
    </Other>
  </CompilerOptions>
  <Debugging>
    <Exceptions>
      <Item>
        <Name Value="EAbort"/>
      </Item>
      <Item>
        <Name Value="ECodetoolError"/>
      </Item>
      <Item>
        <Name Value="EFOpenError"/>
      </Item>
      <Item>
        <Name Value="EOraDatabaseError"/>
      </Item>
    </Exceptions>
  </Debugging>
</CONFIG>
